
Microsoft Visual Studio Solution File, Format Version 10.00
# Visual Studio 2008
Project("{D183A3D8-5FD8-494B-B014-37F57B35E655}") = "Update_Data-Analysis_From_ScenarioAnalysis", "Update_Data-Analysis_From_ScenarioAnalysis.dtproj", "{DD82DBF1-361B-4AE8-9976-5858BC15260A}"
EndProject
Global
	GlobalSection(SolutionConfigurationPlatforms) = preSolution
		Development|Default = Development|Default
	EndGlobalSection
	GlobalSection(ProjectConfigurationPlatforms) = postSolution
		{DD82DBF1-361B-4AE8-9976-5858BC15260A}.Development|Default.ActiveCfg = Development
		{DD82DBF1-361B-4AE8-9976-5858BC15260A}.Development|Default.Build.0 = Development
	EndGlobalSection
	GlobalSection(SolutionProperties) = preSolution
		HideSolutionNode = FALSE
	EndGlobalSection
EndGlobal
